
Microsoft Visual Studio Solution File, Format Version 12.00
# Visual Studio 15
VisualStudioVersion = 15.0.26124.0
MinimumVisualStudioVersion = 15.0.26124.0
Project("{FAE04EC0-301F-11D3-BF4B-00C04F79EFBC}") = "SierraLib.Analytics", "SierraLib.Analytics\SierraLib.Analytics.csproj", "{165406EB-597E-4C23-A619-70DC1177F596}"
EndProject
Project("{FAE04EC0-301F-11D3-BF4B-00C04F79EFBC}") = "SierraLib.Analytics.Example", "SierraLib.Analytics.Example\SierraLib.Analytics.Example.csproj", "{7FFB3841-C95C-42F9-AE59-20D209184CEF}"
EndProject
Project("{FAE04EC0-301F-11D3-BF4B-00C04F79EFBC}") = "SierraLib.Analytics.Test", "SierraLib.Analytics.Test\SierraLib.Analytics.Test.csproj", "{3D0C3356-5163-46B6-91CF-6E3CD0FE54DD}"
EndProject
Global
	GlobalSection(SolutionConfigurationPlatforms) = preSolution
		Debug|Any CPU = Debug|Any CPU
		Debug|x64 = Debug|x64
		Debug|x86 = Debug|x86
		Release|Any CPU = Release|Any CPU
		Release|x64 = Release|x64
		Release|x86 = Release|x86
	EndGlobalSection
	GlobalSection(SolutionProperties) = preSolution
		HideSolutionNode = FALSE
	EndGlobalSection
	GlobalSection(ProjectConfigurationPlatforms) = postSolution
		{165406EB-597E-4C23-A619-70DC1177F596}.Debug|Any CPU.ActiveCfg = Debug|Any CPU
		{165406EB-597E-4C23-A619-70DC1177F596}.Debug|Any CPU.Build.0 = Debug|Any CPU
		{165406EB-597E-4C23-A619-70DC1177F596}.Debug|x64.ActiveCfg = Debug|Any CPU
		{165406EB-597E-4C23-A619-70DC1177F596}.Debug|x64.Build.0 = Debug|Any CPU
		{165406EB-597E-4C23-A619-70DC1177F596}.Debug|x86.ActiveCfg = Debug|Any CPU
		{165406EB-597E-4C23-A619-70DC1177F596}.Debug|x86.Build.0 = Debug|Any CPU
		{165406EB-597E-4C23-A619-70DC1177F596}.Release|Any CPU.ActiveCfg = Release|Any CPU
		{165406EB-597E-4C23-A619-70DC1177F596}.Release|Any CPU.Build.0 = Release|Any CPU
		{165406EB-597E-4C23-A619-70DC1177F596}.Release|x64.ActiveCfg = Release|Any CPU
		{165406EB-597E-4C23-A619-70DC1177F596}.Release|x64.Build.0 = Release|Any CPU
		{165406EB-597E-4C23-A619-70DC1177F596}.Release|x86.ActiveCfg = Release|Any CPU
		{165406EB-597E-4C23-A619-70DC1177F596}.Release|x86.Build.0 = Release|Any CPU
		{7FFB3841-C95C-42F9-AE59-20D209184CEF}.Debug|Any CPU.ActiveCfg = Debug|Any CPU
		{7FFB3841-C95C-42F9-AE59-20D209184CEF}.Debug|Any CPU.Build.0 = Debug|Any CPU
		{7FFB3841-C95C-42F9-AE59-20D209184CEF}.Debug|x64.ActiveCfg = Debug|Any CPU
		{7FFB3841-C95C-42F9-AE59-20D209184CEF}.Debug|x64.Build.0 = Debug|Any CPU
		{7FFB3841-C95C-42F9-AE59-20D209184CEF}.Debug|x86.ActiveCfg = Debug|Any CPU
		{7FFB3841-C95C-42F9-AE59-20D209184CEF}.Debug|x86.Build.0 = Debug|Any CPU
		{7FFB3841-C95C-42F9-AE59-20D209184CEF}.Release|Any CPU.ActiveCfg = Release|Any CPU
		{7FFB3841-C95C-42F9-AE59-20D209184CEF}.Release|Any CPU.Build.0 = Release|Any CPU
		{7FFB3841-C95C-42F9-AE59-20D209184CEF}.Release|x64.ActiveCfg = Release|Any CPU
		{7FFB3841-C95C-42F9-AE59-20D209184CEF}.Release|x64.Build.0 = Release|Any CPU
		{7FFB3841-C95C-42F9-AE59-20D209184CEF}.Release|x86.ActiveCfg = Release|Any CPU
		{7FFB3841-C95C-42F9-AE59-20D209184CEF}.Release|x86.Build.0 = Release|Any CPU
		{3D0C3356-5163-46B6-91CF-6E3CD0FE54DD}.Debug|Any CPU.ActiveCfg = Debug|Any CPU
		{3D0C3356-5163-46B6-91CF-6E3CD0FE54DD}.Debug|Any CPU.Build.0 = Debug|Any CPU
		{3D0C3356-5163-46B6-91CF-6E3CD0FE54DD}.Debug|x64.ActiveCfg = Debug|Any CPU
		{3D0C3356-5163-46B6-91CF-6E3CD0FE54DD}.Debug|x64.Build.0 = Debug|Any CPU
		{3D0C3356-5163-46B6-91CF-6E3CD0FE54DD}.Debug|x86.ActiveCfg = Debug|Any CPU
		{3D0C3356-5163-46B6-91CF-6E3CD0FE54DD}.Debug|x86.Build.0 = Debug|Any CPU
		{3D0C3356-5163-46B6-91CF-6E3CD0FE54DD}.Release|Any CPU.ActiveCfg = Release|Any CPU
		{3D0C3356-5163-46B6-91CF-6E3CD0FE54DD}.Release|Any CPU.Build.0 = Release|Any CPU
		{3D0C3356-5163-46B6-91CF-6E3CD0FE54DD}.Release|x64.ActiveCfg = Release|Any CPU
		{3D0C3356-5163-46B6-91CF-6E3CD0FE54DD}.Release|x64.Build.0 = Release|Any CPU
		{3D0C3356-5163-46B6-91CF-6E3CD0FE54DD}.Release|x86.ActiveCfg = Release|Any CPU
		{3D0C3356-5163-46B6-91CF-6E3CD0FE54DD}.Release|x86.Build.0 = Release|Any CPU
	EndGlobalSection
EndGlobal
