
Microsoft Visual Studio Solution File, Format Version 12.00
# Visual Studio 14
VisualStudioVersion = 14.0.23107.0
MinimumVisualStudioVersion = 10.0.40219.1
Project("{8BB2217D-0F2D-49D1-97BC-3654ED321F3B}") = "SierraLib.Analytics", "SierraLib.Analytics\SierraLib.Analytics.csproj", "{8FB54C0C-FD4A-49F9-B89E-E355BF224738}"
EndProject
Project("{8BB2217D-0F2D-49D1-97BC-3654ED321F3B}") = "SierraLib.Analytics.Test", "SierraLib.Analytics.Test\SierraLib.Analytics.Test.csproj", "{DD38823D-31CB-417C-990D-370660C63C92}"
EndProject
Project("{8BB2217D-0F2D-49D1-97BC-3654ED321F3B}") = "SierraLib.Analytics.Fody", "SierraLib.Analytics.Fody\SierraLib.Analytics.Fody.csproj", "{10D5EDAE-81FB-45AB-89FC-0E3A19CCC665}"
EndProject
Project("{FAE04EC0-301F-11D3-BF4B-00C04F79EFBC}") = "SierraLib.Analytics.Example", "SierraLib.Analytics.Example\SierraLib.Analytics.Example.csproj", "{747EE273-4291-417B-8D01-7EE50041A027}"
EndProject
Global
	GlobalSection(SolutionConfigurationPlatforms) = preSolution
		Debug|x64 = Debug|x64
		Debug|x86 = Debug|x86
		Release|x64 = Release|x64
		Release|x86 = Release|x86
		WindowsPhone7|x64 = WindowsPhone7|x64
		WindowsPhone7|x86 = WindowsPhone7|x86
	EndGlobalSection
	GlobalSection(ProjectConfigurationPlatforms) = postSolution
		{8FB54C0C-FD4A-49F9-B89E-E355BF224738}.Debug|x64.ActiveCfg = Debug|x64
		{8FB54C0C-FD4A-49F9-B89E-E355BF224738}.Debug|x64.Build.0 = Debug|x64
		{8FB54C0C-FD4A-49F9-B89E-E355BF224738}.Debug|x86.ActiveCfg = Debug|x64
		{8FB54C0C-FD4A-49F9-B89E-E355BF224738}.Debug|x86.Build.0 = Debug|x64
		{8FB54C0C-FD4A-49F9-B89E-E355BF224738}.Release|x64.ActiveCfg = Release|x64
		{8FB54C0C-FD4A-49F9-B89E-E355BF224738}.Release|x64.Build.0 = Release|x64
		{8FB54C0C-FD4A-49F9-B89E-E355BF224738}.Release|x86.ActiveCfg = Release|x64
		{8FB54C0C-FD4A-49F9-B89E-E355BF224738}.Release|x86.Build.0 = Release|x64
		{8FB54C0C-FD4A-49F9-B89E-E355BF224738}.WindowsPhone7|x64.ActiveCfg = Debug|x64
		{8FB54C0C-FD4A-49F9-B89E-E355BF224738}.WindowsPhone7|x64.Build.0 = Debug|x64
		{8FB54C0C-FD4A-49F9-B89E-E355BF224738}.WindowsPhone7|x86.ActiveCfg = Debug|x64
		{8FB54C0C-FD4A-49F9-B89E-E355BF224738}.WindowsPhone7|x86.Build.0 = Debug|x64
		{DD38823D-31CB-417C-990D-370660C63C92}.Debug|x64.ActiveCfg = Debug|x64
		{DD38823D-31CB-417C-990D-370660C63C92}.Debug|x64.Build.0 = Debug|x64
		{DD38823D-31CB-417C-990D-370660C63C92}.Debug|x86.ActiveCfg = Debug|x64
		{DD38823D-31CB-417C-990D-370660C63C92}.Debug|x86.Build.0 = Debug|x64
		{DD38823D-31CB-417C-990D-370660C63C92}.Release|x64.ActiveCfg = Release|x64
		{DD38823D-31CB-417C-990D-370660C63C92}.Release|x64.Build.0 = Release|x64
		{DD38823D-31CB-417C-990D-370660C63C92}.Release|x86.ActiveCfg = Release|x64
		{DD38823D-31CB-417C-990D-370660C63C92}.Release|x86.Build.0 = Release|x64
		{DD38823D-31CB-417C-990D-370660C63C92}.WindowsPhone7|x64.ActiveCfg = Debug|x64
		{DD38823D-31CB-417C-990D-370660C63C92}.WindowsPhone7|x64.Build.0 = Debug|x64
		{DD38823D-31CB-417C-990D-370660C63C92}.WindowsPhone7|x86.ActiveCfg = Debug|x64
		{DD38823D-31CB-417C-990D-370660C63C92}.WindowsPhone7|x86.Build.0 = Debug|x64
		{10D5EDAE-81FB-45AB-89FC-0E3A19CCC665}.Debug|x64.ActiveCfg = Debug|x64
		{10D5EDAE-81FB-45AB-89FC-0E3A19CCC665}.Debug|x64.Build.0 = Debug|x64
		{10D5EDAE-81FB-45AB-89FC-0E3A19CCC665}.Debug|x86.ActiveCfg = Debug|x64
		{10D5EDAE-81FB-45AB-89FC-0E3A19CCC665}.Debug|x86.Build.0 = Debug|x64
		{10D5EDAE-81FB-45AB-89FC-0E3A19CCC665}.Release|x64.ActiveCfg = Release|x64
		{10D5EDAE-81FB-45AB-89FC-0E3A19CCC665}.Release|x64.Build.0 = Release|x64
		{10D5EDAE-81FB-45AB-89FC-0E3A19CCC665}.Release|x86.ActiveCfg = Release|x64
		{10D5EDAE-81FB-45AB-89FC-0E3A19CCC665}.Release|x86.Build.0 = Release|x64
		{10D5EDAE-81FB-45AB-89FC-0E3A19CCC665}.WindowsPhone7|x64.ActiveCfg = Debug|x64
		{10D5EDAE-81FB-45AB-89FC-0E3A19CCC665}.WindowsPhone7|x64.Build.0 = Debug|x64
		{10D5EDAE-81FB-45AB-89FC-0E3A19CCC665}.WindowsPhone7|x86.ActiveCfg = Debug|x64
		{10D5EDAE-81FB-45AB-89FC-0E3A19CCC665}.WindowsPhone7|x86.Build.0 = Debug|x64
		{747EE273-4291-417B-8D01-7EE50041A027}.Debug|x64.ActiveCfg = Debug|x64
		{747EE273-4291-417B-8D01-7EE50041A027}.Debug|x64.Build.0 = Debug|x64
		{747EE273-4291-417B-8D01-7EE50041A027}.Debug|x86.ActiveCfg = Debug|x64
		{747EE273-4291-417B-8D01-7EE50041A027}.Debug|x86.Build.0 = Debug|x64
		{747EE273-4291-417B-8D01-7EE50041A027}.Release|x64.ActiveCfg = Release|x64
		{747EE273-4291-417B-8D01-7EE50041A027}.Release|x64.Build.0 = Release|x64
		{747EE273-4291-417B-8D01-7EE50041A027}.Release|x86.ActiveCfg = Release|x64
		{747EE273-4291-417B-8D01-7EE50041A027}.Release|x86.Build.0 = Release|x64
		{747EE273-4291-417B-8D01-7EE50041A027}.WindowsPhone7|x64.ActiveCfg = Debug|x64
		{747EE273-4291-417B-8D01-7EE50041A027}.WindowsPhone7|x64.Build.0 = Debug|x64
		{747EE273-4291-417B-8D01-7EE50041A027}.WindowsPhone7|x86.ActiveCfg = Debug|x64
		{747EE273-4291-417B-8D01-7EE50041A027}.WindowsPhone7|x86.Build.0 = Debug|x64
	EndGlobalSection
	GlobalSection(SolutionProperties) = preSolution
		HideSolutionNode = FALSE
	EndGlobalSection
EndGlobal
